// !$*UTF8*$!
{
	archiveVersion = 1;
	classes = {
	};
	objectVersion = 55;
	objects = {

/* Begin PBXBuildFile section */
		440CFDAF28429F0500A47534 /* AppDelegate.swift in Sources */ = {isa = PBXBuildFile; fileRef = 440CFDAE28429F0500A47534 /* AppDelegate.swift */; };
		440CFDB128429F0500A47534 /* SceneDelegate.swift in Sources */ = {isa = PBXBuildFile; fileRef = 440CFDB028429F0500A47534 /* SceneDelegate.swift */; };
		440CFDB328429F0500A47534 /* ViewController.swift in Sources */ = {isa = PBXBuildFile; fileRef = 440CFDB228429F0500A47534 /* ViewController.swift */; };
		440CFDB628429F0500A47534 /* Main.storyboard in Resources */ = {isa = PBXBuildFile; fileRef = 440CFDB428429F0500A47534 /* Main.storyboard */; };
		440CFDB828429F0C00A47534 /* Assets.xcassets in Resources */ = {isa = PBXBuildFile; fileRef = 440CFDB728429F0C00A47534 /* Assets.xcassets */; };
		440CFDBB28429F0C00A47534 /* LaunchScreen.storyboard in Resources */ = {isa = PBXBuildFile; fileRef = 440CFDB928429F0C00A47534 /* LaunchScreen.storyboard */; };
		440CFDC32842A55400A47534 /* KYCViewController.swift in Sources */ = {isa = PBXBuildFile; fileRef = 440CFDC22842A55400A47534 /* KYCViewController.swift */; };
		44B962A32842C33D002F9DD7 /* GoogleService-Info.plist in Resources */ = {isa = PBXBuildFile; fileRef = 44B962A22842C33D002F9DD7 /* GoogleService-Info.plist */; };
		44B962A52842C5E0002F9DD7 /* SignUpViewController.swift in Sources */ = {isa = PBXBuildFile; fileRef = 44B962A42842C5E0002F9DD7 /* SignUpViewController.swift */; };
		44B962A72842D23F002F9DD7 /* ProceedViewController.swift in Sources */ = {isa = PBXBuildFile; fileRef = 44B962A62842D23F002F9DD7 /* ProceedViewController.swift */; };
		44B962A92842EAE4002F9DD7 /* CheckTransationViewController.swift in Sources */ = {isa = PBXBuildFile; fileRef = 44B962A82842EAE4002F9DD7 /* CheckTransationViewController.swift */; };
		5C0CA4D006E6B77896198BBB /* Pods_Face_Transaction.framework in Frameworks */ = {isa = PBXBuildFile; fileRef = F2DBD61AB33DA55DC42CDC65 /* Pods_Face_Transaction.framework */; };
/* End PBXBuildFile section */

/* Begin PBXFileReference section */
		183D06DFC2B2C3AAC853EB98 /* Pods-Face Transaction.release.xcconfig */ = {isa = PBXFileReference; includeInIndex = 1; lastKnownFileType = text.xcconfig; name = "Pods-Face Transaction.release.xcconfig"; path = "Target Support Files/Pods-Face Transaction/Pods-Face Transaction.release.xcconfig"; sourceTree = "<group>"; };
		440CFDAB28429F0500A47534 /* Face Transaction.app */ = {isa = PBXFileReference; explicitFileType = wrapper.application; includeInIndex = 0; path = "Face Transaction.app"; sourceTree = BUILT_PRODUCTS_DIR; };
		440CFDAE28429F0500A47534 /* AppDelegate.swift */ = {isa = PBXFileReference; lastKnownFileType = sourcecode.swift; path = AppDelegate.swift; sourceTree = "<group>"; };
		440CFDB028429F0500A47534 /* SceneDelegate.swift */ = {isa = PBXFileReference; lastKnownFileType = sourcecode.swift; path = SceneDelegate.swift; sourceTree = "<group>"; };
		440CFDB228429F0500A47534 /* ViewController.swift */ = {isa = PBXFileReference; lastKnownFileType = sourcecode.swift; path = ViewController.swift; sourceTree = "<group>"; };
		440CFDB528429F0500A47534 /* Base */ = {isa = PBXFileReference; lastKnownFileType = file.storyboard; name = Base; path = Base.lproj/Main.storyboard; sourceTree = "<group>"; };
		440CFDB728429F0C00A47534 /* Assets.xcassets */ = {isa = PBXFileReference; lastKnownFileType = folder.assetcatalog; path = Assets.xcassets; sourceTree = "<group>"; };
		440CFDBA28429F0C00A47534 /* Base */ = {isa = PBXFileReference; lastKnownFileType = file.storyboard; name = Base; path = Base.lproj/LaunchScreen.storyboard; sourceTree = "<group>"; };
		440CFDBC28429F0C00A47534 /* Info.plist */ = {isa = PBXFileReference; lastKnownFileType = text.plist.xml; path = Info.plist; sourceTree = "<group>"; };
		440CFDC22842A55400A47534 /* KYCViewController.swift */ = {isa = PBXFileReference; lastKnownFileType = sourcecode.swift; path = KYCViewController.swift; sourceTree = "<group>"; };
		44B962A22842C33D002F9DD7 /* GoogleService-Info.plist */ = {isa = PBXFileReference; lastKnownFileType = text.plist; path = "GoogleService-Info.plist"; sourceTree = SOURCE_ROOT; };
		44B962A42842C5E0002F9DD7 /* SignUpViewController.swift */ = {isa = PBXFileReference; lastKnownFileType = sourcecode.swift; path = SignUpViewController.swift; sourceTree = "<group>"; };
		44B962A62842D23F002F9DD7 /* ProceedViewController.swift */ = {isa = PBXFileReference; lastKnownFileType = sourcecode.swift; path = ProceedViewController.swift; sourceTree = "<group>"; };
		44B962A82842EAE4002F9DD7 /* CheckTransationViewController.swift */ = {isa = PBXFileReference; lastKnownFileType = sourcecode.swift; path = CheckTransationViewController.swift; sourceTree = "<group>"; };
		9F6058A10D965BC646DC1436 /* Pods-Face Transaction.debug.xcconfig */ = {isa = PBXFileReference; includeInIndex = 1; lastKnownFileType = text.xcconfig; name = "Pods-Face Transaction.debug.xcconfig"; path = "Target Support Files/Pods-Face Transaction/Pods-Face Transaction.debug.xcconfig"; sourceTree = "<group>"; };
		F2DBD61AB33DA55DC42CDC65 /* Pods_Face_Transaction.framework */ = {isa = PBXFileReference; explicitFileType = wrapper.framework; includeInIndex = 0; path = Pods_Face_Transaction.framework; sourceTree = BUILT_PRODUCTS_DIR; };
/* End PBXFileReference section */

/* Begin PBXFrameworksBuildPhase section */
		440CFDA828429F0500A47534 /* Frameworks */ = {
			isa = PBXFrameworksBuildPhase;
			buildActionMask = 2147483647;
			files = (
				5C0CA4D006E6B77896198BBB /* Pods_Face_Transaction.framework in Frameworks */,
			);
			runOnlyForDeploymentPostprocessing = 0;
		};
/* End PBXFrameworksBuildPhase section */

/* Begin PBXGroup section */
		440CFDA228429F0500A47534 = {
			isa = PBXGroup;
			children = (
				440CFDAD28429F0500A47534 /* Face Transaction */,
				440CFDAC28429F0500A47534 /* Products */,
				5AF8EB957F6CD863B9C64B01 /* Pods */,
				C5120A749C2144DCD55F063F /* Frameworks */,
			);
			sourceTree = "<group>";
		};
		440CFDAC28429F0500A47534 /* Products */ = {
			isa = PBXGroup;
			children = (
				440CFDAB28429F0500A47534 /* Face Transaction.app */,
			);
			name = Products;
			sourceTree = "<group>";
		};
		440CFDAD28429F0500A47534 /* Face Transaction */ = {
			isa = PBXGroup;
			children = (
				44B962A22842C33D002F9DD7 /* GoogleService-Info.plist */,
				440CFDAE28429F0500A47534 /* AppDelegate.swift */,
				440CFDB028429F0500A47534 /* SceneDelegate.swift */,
				440CFDB228429F0500A47534 /* ViewController.swift */,
				440CFDC22842A55400A47534 /* KYCViewController.swift */,
				44B962A42842C5E0002F9DD7 /* SignUpViewController.swift */,
				440CFDB428429F0500A47534 /* Main.storyboard */,
				44B962A82842EAE4002F9DD7 /* CheckTransationViewController.swift */,
				44B962A62842D23F002F9DD7 /* ProceedViewController.swift */,
				440CFDB728429F0C00A47534 /* Assets.xcassets */,
				440CFDB928429F0C00A47534 /* LaunchScreen.storyboard */,
				440CFDBC28429F0C00A47534 /* Info.plist */,
			);
			path = "Face Transaction";
			sourceTree = "<group>";
		};
		5AF8EB957F6CD863B9C64B01 /* Pods */ = {
			isa = PBXGroup;
			children = (
				9F6058A10D965BC646DC1436 /* Pods-Face Transaction.debug.xcconfig */,
				183D06DFC2B2C3AAC853EB98 /* Pods-Face Transaction.release.xcconfig */,
			);
			path = Pods;
			sourceTree = "<group>";
		};
		C5120A749C2144DCD55F063F /* Frameworks */ = {
			isa = PBXGroup;
			children = (
				F2DBD61AB33DA55DC42CDC65 /* Pods_Face_Transaction.framework */,
			);
			name = Frameworks;
			sourceTree = "<group>";
		};
/* End PBXGroup section */

/* Begin PBXNativeTarget section */
		440CFDAA28429F0500A47534 /* Face Transaction */ = {
			isa = PBXNativeTarget;
			buildConfigurationList = 440CFDBF28429F0C00A47534 /* Build configuration list for PBXNativeTarget "Face Transaction" */;
			buildPhases = (
				D921990D8BE3D379EFD8FEF3 /* [CP] Check Pods Manifest.lock */,
				440CFDA728429F0500A47534 /* Sources */,
				440CFDA828429F0500A47534 /* Frameworks */,
				440CFDA928429F0500A47534 /* Resources */,
				22E08541ACBA1DBAE0779A10 /* [CP] Embed Pods Frameworks */,
			);
			buildRules = (
			);
			dependencies = (
			);
			name = "Face Transaction";
			productName = "Face Transaction";
			productReference = 440CFDAB28429F0500A47534 /* Face Transaction.app */;
			productType = "com.apple.product-type.application";
		};
/* End PBXNativeTarget section */

/* Begin PBXProject section */
		440CFDA328429F0500A47534 /* Project object */ = {
			isa = PBXProject;
			attributes = {
				BuildIndependentTargetsInParallel = 1;
				LastSwiftUpdateCheck = 1330;
				LastUpgradeCheck = 1330;
				TargetAttributes = {
					440CFDAA28429F0500A47534 = {
						CreatedOnToolsVersion = 13.3.1;
					};
				};
			};
			buildConfigurationList = 440CFDA628429F0500A47534 /* Build configuration list for PBXProject "Face Transaction" */;
			compatibilityVersion = "Xcode 13.0";
			developmentRegion = en;
			hasScannedForEncodings = 0;
			knownRegions = (
				en,
				Base,
			);
			mainGroup = 440CFDA228429F0500A47534;
			productRefGroup = 440CFDAC28429F0500A47534 /* Products */;
			projectDirPath = "";
			projectRoot = "";
			targets = (
				440CFDAA28429F0500A47534 /* Face Transaction */,
			);
		};
/* End PBXProject section */

/* Begin PBXResourcesBuildPhase section */
		440CFDA928429F0500A47534 /* Resources */ = {
			isa = PBXResourcesBuildPhase;
			buildActionMask = 2147483647;
			files = (
				440CFDBB28429F0C00A47534 /* LaunchScreen.storyboard in Resources */,
				44B962A32842C33D002F9DD7 /* GoogleService-Info.plist in Resources */,
				440CFDB828429F0C00A47534 /* Assets.xcassets in Resources */,
				440CFDB628429F0500A47534 /* Main.storyboard in Resources */,
			);
			runOnlyForDeploymentPostprocessing = 0;
		};
/* End PBXResourcesBuildPhase section */

/* Begin PBXShellScriptBuildPhase section */
		22E08541ACBA1DBAE0779A10 /* [CP] Embed Pods Frameworks */ = {
			isa = PBXShellScriptBuildPhase;
			buildActionMask = 2147483647;
			files = (
			);
			inputFileListPaths = (
				"${PODS_ROOT}/Target Support Files/Pods-Face Transaction/Pods-Face Transaction-frameworks-${CONFIGURATION}-input-files.xcfilelist",
			);
			name = "[CP] Embed Pods Frameworks";
			outputFileListPaths = (
				"${PODS_ROOT}/Target Support Files/Pods-Face Transaction/Pods-Face Transaction-frameworks-${CONFIGURATION}-output-files.xcfilelist",
			);
			runOnlyForDeploymentPostprocessing = 0;
			shellPath = /bin/sh;
			shellScript = "\"${PODS_ROOT}/Target Support Files/Pods-Face Transaction/Pods-Face Transaction-frameworks.sh\"\n";
			showEnvVarsInLog = 0;
		};
		D921990D8BE3D379EFD8FEF3 /* [CP] Check Pods Manifest.lock */ = {
			isa = PBXShellScriptBuildPhase;
			buildActionMask = 2147483647;
			files = (
			);
			inputFileListPaths = (
			);
			inputPaths = (
				"${PODS_PODFILE_DIR_PATH}/Podfile.lock",
				"${PODS_ROOT}/Manifest.lock",
			);
			name = "[CP] Check Pods Manifest.lock";
			outputFileListPaths = (
			);
			outputPaths = (
				"$(DERIVED_FILE_DIR)/Pods-Face Transaction-checkManifestLockResult.txt",
			);
			runOnlyForDeploymentPostprocessing = 0;
			shellPath = /bin/sh;
			shellScript = "diff \"${PODS_PODFILE_DIR_PATH}/Podfile.lock\" \"${PODS_ROOT}/Manifest.lock\" > /dev/null\nif [ $? != 0 ] ; then\n    # print error to STDERR\n    echo \"error: The sandbox is not in sync with the Podfile.lock. Run 'pod install' or update your CocoaPods installation.\" >&2\n    exit 1\nfi\n# This output is used by Xcode 'outputs' to avoid re-running this script phase.\necho \"SUCCESS\" > \"${SCRIPT_OUTPUT_FILE_0}\"\n";
			showEnvVarsInLog = 0;
		};
/* End PBXShellScriptBuildPhase section */

/* Begin PBXSourcesBuildPhase section */
		440CFDA728429F0500A47534 /* Sources */ = {
			isa = PBXSourcesBuildPhase;
			buildActionMask = 2147483647;
			files = (
				440CFDC32842A55400A47534 /* KYCViewController.swift in Sources */,
				44B962A72842D23F002F9DD7 /* ProceedViewController.swift in Sources */,
				440CFDB328429F0500A47534 /* ViewController.swift in Sources */,
				440CFDAF28429F0500A47534 /* AppDelegate.swift in Sources */,
				440CFDB128429F0500A47534 /* SceneDelegate.swift in Sources */,
				44B962A92842EAE4002F9DD7 /* CheckTransationViewController.swift in Sources */,
				44B962A52842C5E0002F9DD7 /* SignUpViewController.swift in Sources */,
			);
			runOnlyForDeploymentPostprocessing = 0;
		};
/* End PBXSourcesBuildPhase section */

/* Begin PBXVariantGroup section */
		440CFDB428429F0500A47534 /* Main.storyboard */ = {
			isa = PBXVariantGroup;
			children = (
				440CFDB528429F0500A47534 /* Base */,
			);
			name = Main.storyboard;
			sourceTree = "<group>";
		};
		440CFDB928429F0C00A47534 /* LaunchScreen.storyboard */ = {
			isa = PBXVariantGroup;
			children = (
				440CFDBA28429F0C00A47534 /* Base */,
			);
			name = LaunchScreen.storyboard;
			sourceTree = "<group>";
		};
/* End PBXVariantGroup section */

/* Begin XCBuildConfiguration section */
		440CFDBD28429F0C00A47534 /* Debug */ = {
			isa = XCBuildConfiguration;
			buildSettings = {
				ALWAYS_SEARCH_USER_PATHS = NO;
				CLANG_ANALYZER_NONNULL = YES;
				CLANG_ANALYZER_NUMBER_OBJECT_CONVERSION = YES_AGGRESSIVE;
				CLANG_CXX_LANGUAGE_STANDARD = "gnu++17";
				CLANG_ENABLE_MODULES = YES;
				CLANG_ENABLE_OBJC_ARC = YES;
				CLANG_ENABLE_OBJC_WEAK = YES;
				CLANG_WARN_BLOCK_CAPTURE_AUTORELEASING = YES;
				CLANG_WARN_BOOL_CONVERSION = YES;
				CLANG_WARN_COMMA = YES;
				CLANG_WARN_CONSTANT_CONVERSION = YES;
				CLANG_WARN_DEPRECATED_OBJC_IMPLEMENTATIONS = YES;
				CLANG_WARN_DIRECT_OBJC_ISA_USAGE = YES_ERROR;
				CLANG_WARN_DOCUMENTATION_COMMENTS = YES;
				CLANG_WARN_EMPTY_BODY = YES;
				CLANG_WARN_ENUM_CONVERSION = YES;
				CLANG_WARN_INFINITE_RECURSION = YES;
				CLANG_WARN_INT_CONVERSION = YES;
				CLANG_WARN_NON_LITERAL_NULL_CONVERSION = YES;
				CLANG_WARN_OBJC_IMPLICIT_RETAIN_SELF = YES;
				CLANG_WARN_OBJC_LITERAL_CONVERSION = YES;
				CLANG_WARN_OBJC_ROOT_CLASS = YES_ERROR;
				CLANG_WARN_QUOTED_INCLUDE_IN_FRAMEWORK_HEADER = YES;
				CLANG_WARN_RANGE_LOOP_ANALYSIS = YES;
				CLANG_WARN_STRICT_PROTOTYPES = YES;
				CLANG_WARN_SUSPICIOUS_MOVE = YES;
				CLANG_WARN_UNGUARDED_AVAILABILITY = YES_AGGRESSIVE;
				CLANG_WARN_UNREACHABLE_CODE = YES;
				CLANG_WARN__DUPLICATE_METHOD_MATCH = YES;
				COPY_PHASE_STRIP = NO;
				DEBUG_INFORMATION_FORMAT = dwarf;
				ENABLE_STRICT_OBJC_MSGSEND = YES;
				ENABLE_TESTABILITY = YES;
				GCC_C_LANGUAGE_STANDARD = gnu11;
				GCC_DYNAMIC_NO_PIC = NO;
				GCC_NO_COMMON_BLOCKS = YES;
				GCC_OPTIMIZATION_LEVEL = 0;
				GCC_PREPROCESSOR_DEFINITIONS = (
					"DEBUG=1",
					"$(inherited)",
				);
				GCC_WARN_64_TO_32_BIT_CONVERSION = YES;
				GCC_WARN_ABOUT_RETURN_TYPE = YES_ERROR;
				GCC_WARN_UNDECLARED_SELECTOR = YES;
				GCC_WARN_UNINITIALIZED_AUTOS = YES_AGGRESSIVE;
				GCC_WARN_UNUSED_FUNCTION = YES;
				GCC_WARN_UNUSED_VARIABLE = YES;
				IPHONEOS_DEPLOYMENT_TARGET = 15.4;
				MTL_ENABLE_DEBUG_INFO = INCLUDE_SOURCE;
				MTL_FAST_MATH = YES;
				ONLY_ACTIVE_ARCH = YES;
				SDKROOT = iphoneos;
				SWIFT_ACTIVE_COMPILATION_CONDITIONS = DEBUG;
				SWIFT_OPTIMIZATION_LEVEL = "-Onone";
			};
			name = Debug;
		};
		440CFDBE28429F0C00A47534 /* Release */ = {
			isa = XCBuildConfiguration;
			buildSettings = {
				ALWAYS_SEARCH_USER_PATHS = NO;
				CLANG_ANALYZER_NONNULL = YES;
				CLANG_ANALYZER_NUMBER_OBJECT_CONVERSION = YES_AGGRESSIVE;
				CLANG_CXX_LANGUAGE_STANDARD = "gnu++17";
				CLANG_ENABLE_MODULES = YES;
				CLANG_ENABLE_OBJC_ARC = YES;
				CLANG_ENABLE_OBJC_WEAK = YES;
				CLANG_WARN_BLOCK_CAPTURE_AUTORELEASING = YES;
				CLANG_WARN_BOOL_CONVERSION = YES;
				CLANG_WARN_COMMA = YES;
				CLANG_WARN_CONSTANT_CONVERSION = YES;
				CLANG_WARN_DEPRECATED_OBJC_IMPLEMENTATIONS = YES;
				CLANG_WARN_DIRECT_OBJC_ISA_USAGE = YES_ERROR;
				CLANG_WARN_DOCUMENTATION_COMMENTS = YES;
				CLANG_WARN_EMPTY_BODY = YES;
				CLANG_WARN_ENUM_CONVERSION = YES;
				CLANG_WARN_INFINITE_RECURSION = YES;
				CLANG_WARN_INT_CONVERSION = YES;
				CLANG_WARN_NON_LITERAL_NULL_CONVERSION = YES;
				CLANG_WARN_OBJC_IMPLICIT_RETAIN_SELF = YES;
				CLANG_WARN_OBJC_LITERAL_CONVERSION = YES;
				CLANG_WARN_OBJC_ROOT_CLASS = YES_ERROR;
				CLANG_WARN_QUOTED_INCLUDE_IN_FRAMEWORK_HEADER = YES;
				CLANG_WARN_RANGE_LOOP_ANALYSIS = YES;
				CLANG_WARN_STRICT_PROTOTYPES = YES;
				CLANG_WARN_SUSPICIOUS_MOVE = YES;
				CLANG_WARN_UNGUARDED_AVAILABILITY = YES_AGGRESSIVE;
				CLANG_WARN_UNREACHABLE_CODE = YES;
				CLANG_WARN__DUPLICATE_METHOD_MATCH = YES;
				COPY_PHASE_STRIP = NO;
				DEBUG_INFORMATION_FORMAT = "dwarf-with-dsym";
				ENABLE_NS_ASSERTIONS = NO;
				ENABLE_STRICT_OBJC_MSGSEND = YES;
				GCC_C_LANGUAGE_STANDARD = gnu11;
				GCC_NO_COMMON_BLOCKS = YES;
				GCC_WARN_64_TO_32_BIT_CONVERSION = YES;
				GCC_WARN_ABOUT_RETURN_TYPE = YES_ERROR;
				GCC_WARN_UNDECLARED_SELECTOR = YES;
				GCC_WARN_UNINITIALIZED_AUTOS = YES_AGGRESSIVE;
				GCC_WARN_UNUSED_FUNCTION = YES;
				GCC_WARN_UNUSED_VARIABLE = YES;
				IPHONEOS_DEPLOYMENT_TARGET = 15.4;
				MTL_ENABLE_DEBUG_INFO = NO;
				MTL_FAST_MATH = YES;
				SDKROOT = iphoneos;
				SWIFT_COMPILATION_MODE = wholemodule;
				SWIFT_OPTIMIZATION_LEVEL = "-O";
				VALIDATE_PRODUCT = YES;
			};
			name = Release;
		};
		440CFDC028429F0C00A47534 /* Debug */ = {
			isa = XCBuildConfiguration;
			baseConfigurationReference = 9F6058A10D965BC646DC1436 /* Pods-Face Transaction.debug.xcconfig */;
			buildSettings = {
				ASSETCATALOG_COMPILER_APPICON_NAME = AppIcon;
				ASSETCATALOG_COMPILER_GLOBAL_ACCENT_COLOR_NAME = AccentColor;
				CODE_SIGN_STYLE = Automatic;
				CURRENT_PROJECT_VERSION = 1;
				DEVELOPMENT_TEAM = 4E33XWS7UW;
				GENERATE_INFOPLIST_FILE = YES;
				INFOPLIST_FILE = "Face Transaction/Info.plist";
				INFOPLIST_KEY_UIApplicationSupportsIndirectInputEvents = YES;
				INFOPLIST_KEY_UILaunchStoryboardName = LaunchScreen;
				INFOPLIST_KEY_UIMainStoryboardFile = Main;
				INFOPLIST_KEY_UISupportedInterfaceOrientations_iPad = "UIInterfaceOrientationPortrait UIInterfaceOrientationPortraitUpsideDown UIInterfaceOrientationLandscapeLeft UIInterfaceOrientationLandscapeRight";
				INFOPLIST_KEY_UISupportedInterfaceOrientations_iPhone = "UIInterfaceOrientationPortrait UIInterfaceOrientationLandscapeLeft UIInterfaceOrientationLandscapeRight";
				LD_RUNPATH_SEARCH_PATHS = (
					"$(inherited)",
					"@executable_path/Frameworks",
				);
				MARKETING_VERSION = 1.0;
				PRODUCT_BUNDLE_IDENTIFIER = "com.codexpose..Face-Transaction";
				PRODUCT_NAME = "$(TARGET_NAME)";
				SWIFT_EMIT_LOC_STRINGS = YES;
				SWIFT_VERSION = 5.0;
				TARGETED_DEVICE_FAMILY = "1,2";
			};
			name = Debug;
		};
		440CFDC128429F0C00A47534 /* Release */ = {
			isa = XCBuildConfiguration;
			baseConfigurationReference = 183D06DFC2B2C3AAC853EB98 /* Pods-Face Transaction.release.xcconfig */;
			buildSettings = {
				ASSETCATALOG_COMPILER_APPICON_NAME = AppIcon;
				ASSETCATALOG_COMPILER_GLOBAL_ACCENT_COLOR_NAME = AccentColor;
				CODE_SIGN_STYLE = Automatic;
				CURRENT_PROJECT_VERSION = 1;
				DEVELOPMENT_TEAM = 4E33XWS7UW;
				GENERATE_INFOPLIST_FILE = YES;
				INFOPLIST_FILE = "Face Transaction/Info.plist";
				INFOPLIST_KEY_UIApplicationSupportsIndirectInputEvents = YES;
				INFOPLIST_KEY_UILaunchStoryboardName = LaunchScreen;
				INFOPLIST_KEY_UIMainStoryboardFile = Main;
				INFOPLIST_KEY_UISupportedInterfaceOrientations_iPad = "UIInterfaceOrientationPortrait UIInterfaceOrientationPortraitUpsideDown UIInterfaceOrientationLandscapeLeft UIInterfaceOrientationLandscapeRight";
				INFOPLIST_KEY_UISupportedInterfaceOrientations_iPhone = "UIInterfaceOrientationPortrait UIInterfaceOrientationLandscapeLeft UIInterfaceOrientationLandscapeRight";
				LD_RUNPATH_SEARCH_PATHS = (
					"$(inherited)",
					"@executable_path/Frameworks",
				);
				MARKETING_VERSION = 1.0;
				PRODUCT_BUNDLE_IDENTIFIER = "com.codexpose..Face-Transaction";
				PRODUCT_NAME = "$(TARGET_NAME)";
				SWIFT_EMIT_LOC_STRINGS = YES;
				SWIFT_VERSION = 5.0;
				TARGETED_DEVICE_FAMILY = "1,2";
			};
			name = Release;
		};
/* End XCBuildConfiguration section */

/* Begin XCConfigurationList section */
		440CFDA628429F0500A47534 /* Build configuration list for PBXProject "Face Transaction" */ = {
			isa = XCConfigurationList;
			buildConfigurations = (
				440CFDBD28429F0C00A47534 /* Debug */,
				440CFDBE28429F0C00A47534 /* Release */,
			);
			defaultConfigurationIsVisible = 0;
			defaultConfigurationName = Release;
		};
		440CFDBF28429F0C00A47534 /* Build configuration list for PBXNativeTarget "Face Transaction" */ = {
			isa = XCConfigurationList;
			buildConfigurations = (
				440CFDC028429F0C00A47534 /* Debug */,
				440CFDC128429F0C00A47534 /* Release */,
			);
			defaultConfigurationIsVisible = 0;
			defaultConfigurationName = Release;
		};
/* End XCConfigurationList section */
	};
	rootObject = 440CFDA328429F0500A47534 /* Project object */;
}
